
Microsoft Visual Studio Solution File, Format Version 12.00
# Visual Studio Version 16
VisualStudioVersion = 16.0.29215.179
MinimumVisualStudioVersion = 10.0.40219.1
Project("{FAE04EC0-301F-11D3-BF4B-00C04F79EFBC}") = "SM4Test", "SM4Test\SM4Test.csproj", "{D480224F-94D1-4058-92E9-DBC163552BA2}"
EndProject
Project("{FAE04EC0-301F-11D3-BF4B-00C04F79EFBC}") = "SM4Core", "SM4Core\SM4Core.csproj", "{97B95511-63EB-4E7B-8BFA-4B4A2D534270}"
EndProject
Global
	GlobalSection(SolutionConfigurationPlatforms) = preSolution
		Debug|Any CPU = Debug|Any CPU
		Release|Any CPU = Release|Any CPU
	EndGlobalSection
	GlobalSection(ProjectConfigurationPlatforms) = postSolution
		{D480224F-94D1-4058-92E9-DBC163552BA2}.Debug|Any CPU.ActiveCfg = Debug|Any CPU
		{D480224F-94D1-4058-92E9-DBC163552BA2}.Debug|Any CPU.Build.0 = Debug|Any CPU
		{D480224F-94D1-4058-92E9-DBC163552BA2}.Release|Any CPU.ActiveCfg = Release|Any CPU
		{D480224F-94D1-4058-92E9-DBC163552BA2}.Release|Any CPU.Build.0 = Release|Any CPU
		{97B95511-63EB-4E7B-8BFA-4B4A2D534270}.Debug|Any CPU.ActiveCfg = Debug|Any CPU
		{97B95511-63EB-4E7B-8BFA-4B4A2D534270}.Debug|Any CPU.Build.0 = Debug|Any CPU
		{97B95511-63EB-4E7B-8BFA-4B4A2D534270}.Release|Any CPU.ActiveCfg = Release|Any CPU
		{97B95511-63EB-4E7B-8BFA-4B4A2D534270}.Release|Any CPU.Build.0 = Release|Any CPU
	EndGlobalSection
	GlobalSection(SolutionProperties) = preSolution
		HideSolutionNode = FALSE
	EndGlobalSection
	GlobalSection(ExtensibilityGlobals) = postSolution
		SolutionGuid = {F264BC45-8E51-4A92-8582-ACA8B949E568}
	EndGlobalSection
EndGlobal
